
Microsoft Visual Studio Solution File, Format Version 12.00
# Visual Studio Version 16
VisualStudioVersion = 16.0.30523.141
MinimumVisualStudioVersion = 10.0.40219.1
Project("{FAE04EC0-301F-11D3-BF4B-00C04F79EFBC}") = "BSS1", "SpelBladSteenSchaar\BSS1.csproj", "{5BF035E0-A701-45D3-97A8-830A7E147848}"
EndProject
Project("{FAE04EC0-301F-11D3-BF4B-00C04F79EFBC}") = "BSS2", "BSS2\BSS2.csproj", "{6A9C5075-481A-47F1-855B-604B0337A238}"
EndProject
Project("{FAE04EC0-301F-11D3-BF4B-00C04F79EFBC}") = "AOE1", "AOE1\AOE1.csproj", "{6260FF7F-7F53-4DD0-A3EA-29F129DB6CA2}"
EndProject
Global
	GlobalSection(SolutionConfigurationPlatforms) = preSolution
		Debug|Any CPU = Debug|Any CPU
		Release|Any CPU = Release|Any CPU
	EndGlobalSection
	GlobalSection(ProjectConfigurationPlatforms) = postSolution
		{5BF035E0-A701-45D3-97A8-830A7E147848}.Debug|Any CPU.ActiveCfg = Debug|Any CPU
		{5BF035E0-A701-45D3-97A8-830A7E147848}.Debug|Any CPU.Build.0 = Debug|Any CPU
		{5BF035E0-A701-45D3-97A8-830A7E147848}.Release|Any CPU.ActiveCfg = Release|Any CPU
		{5BF035E0-A701-45D3-97A8-830A7E147848}.Release|Any CPU.Build.0 = Release|Any CPU
		{6A9C5075-481A-47F1-855B-604B0337A238}.Debug|Any CPU.ActiveCfg = Debug|Any CPU
		{6A9C5075-481A-47F1-855B-604B0337A238}.Debug|Any CPU.Build.0 = Debug|Any CPU
		{6A9C5075-481A-47F1-855B-604B0337A238}.Release|Any CPU.ActiveCfg = Release|Any CPU
		{6A9C5075-481A-47F1-855B-604B0337A238}.Release|Any CPU.Build.0 = Release|Any CPU
		{6260FF7F-7F53-4DD0-A3EA-29F129DB6CA2}.Debug|Any CPU.ActiveCfg = Debug|Any CPU
		{6260FF7F-7F53-4DD0-A3EA-29F129DB6CA2}.Debug|Any CPU.Build.0 = Debug|Any CPU
		{6260FF7F-7F53-4DD0-A3EA-29F129DB6CA2}.Release|Any CPU.ActiveCfg = Release|Any CPU
		{6260FF7F-7F53-4DD0-A3EA-29F129DB6CA2}.Release|Any CPU.Build.0 = Release|Any CPU
	EndGlobalSection
	GlobalSection(SolutionProperties) = preSolution
		HideSolutionNode = FALSE
	EndGlobalSection
	GlobalSection(ExtensibilityGlobals) = postSolution
		SolutionGuid = {329B8565-A67D-4571-992C-F9BFEBBAE267}
	EndGlobalSection
EndGlobal
